{
  "name": "optional-color-logger",
  "version": "0.0.4",
  "lockfileVersion": 1,
  "requires": true,
  "dependencies": {
    "colors": {
      "version": "0.6.0-1",
      "resolved": "https://registry.npmjs.org/colors/-/colors-0.6.0-1.tgz",
      "integrity": "sha1-bbtozri8YPKzE9zFzhWZ8G0Z5no="
    },
    "custom-logger": {
      "version": "0.3.0",
      "resolved": "https://registry.npmjs.org/custom-logger/-/custom-logger-0.3.0.tgz",
      "integrity": "sha1-uOVnwo1Gcswf6rH0JNk8gRFnNzQ=",
      "requires": {
        "colors": "0.6.0-1",
        "dateformat": "1.0.2-1.2.3"
      }
    },
    "dateformat": {
      "version": "1.0.2-1.2.3",
      "resolved": "https://registry.npmjs.org/dateformat/-/dateformat-1.0.2-1.2.3.tgz",
      "integrity": "sha1-sCIMAt6YYXQztyhRz0fePfLNvuk="
    }
  }
}
